// !$*UTF8*$!
{
	archiveVersion = 1;
	classes = {
	};
	objectVersion = 46;
	objects = {

/* Begin PBXBuildFile section */
		002F39FA09D0881F00EBEB88 /* SDL.framework in Frameworks */ = {isa = PBXBuildFile; fileRef = 002F39F909D0881F00EBEB88 /* SDL.framework */; };
		002F3A0009D0884600EBEB88 /* SDL.framework in Copy Frameworks into .app bundle */ = {isa = PBXBuildFile; fileRef = 002F39F909D0881F00EBEB88 /* SDL.framework */; };
		002F3A2E09D0888800EBEB88 /* SDLMain.m in Sources */ = {isa = PBXBuildFile; fileRef = 002F3A2C09D0888800EBEB88 /* SDLMain.m */; };
		002F3A3F09D088BA00EBEB88 /* main.cxx in Sources */ = {isa = PBXBuildFile; fileRef = 002F3A3E09D088BA00EBEB88 /* main.cxx */; };
		002F3C0109D093BD00EBEB88 /* OpenGL.framework in Frameworks */ = {isa = PBXBuildFile; fileRef = 002F3C0009D093BD00EBEB88 /* OpenGL.framework */; };
		002F3C6109D0951E00EBEB88 /* GLUT.framework in Frameworks */ = {isa = PBXBuildFile; fileRef = 002F3C6009D0951E00EBEB88 /* GLUT.framework */; };
		516DA7B313FA166C00EBF86C /* InputManager.cpp in Sources */ = {isa = PBXBuildFile; fileRef = 516DA7B213FA166C00EBF86C /* InputManager.cpp */; };
		51907E5F13F6127B002E9F01 /* SDL_image.framework in Frameworks */ = {isa = PBXBuildFile; fileRef = 51907E5E13F6127B002E9F01 /* SDL_image.framework */; };
		51B4E2CE13F840AA00F15952 /* Actor.cpp in Sources */ = {isa = PBXBuildFile; fileRef = 51B4E2CD13F840AA00F15952 /* Actor.cpp */; };
		51B4E2D113F8416A00F15952 /* Game.cpp in Sources */ = {isa = PBXBuildFile; fileRef = 51B4E2D013F8416A00F15952 /* Game.cpp */; };
		51B4E31913F852E300F15952 /* GraphicsUtility.cpp in Sources */ = {isa = PBXBuildFile; fileRef = 51B4E31813F852E300F15952 /* GraphicsUtility.cpp */; };
		51B4E45D13F8B1A300F15952 /* Eagle.cpp in Sources */ = {isa = PBXBuildFile; fileRef = 51B4E45C13F8B1A300F15952 /* Eagle.cpp */; };
		51CC537013F8340700E36BC1 /* Logger.cpp in Sources */ = {isa = PBXBuildFile; fileRef = 51CC536F13F8340700E36BC1 /* Logger.cpp */; };
		8D11072B0486CEB800E47090 /* InfoPlist.strings in Resources */ = {isa = PBXBuildFile; fileRef = 089C165CFE840E0CC02AAC07 /* InfoPlist.strings */; };
		8D11072F0486CEB800E47090 /* Cocoa.framework in Frameworks */ = {isa = PBXBuildFile; fileRef = 1058C7A1FEA54F0111CA2CBB /* Cocoa.framework */; };
/* End PBXBuildFile section */

/* Begin PBXCopyFilesBuildPhase section */
		002F39FD09D0883400EBEB88 /* Copy Frameworks into .app bundle */ = {
			isa = PBXCopyFilesBuildPhase;
			buildActionMask = 2147483647;
			dstPath = "";
			dstSubfolderSpec = 10;
			files = (
				002F3A0009D0884600EBEB88 /* SDL.framework in Copy Frameworks into .app bundle */,
			);
			name = "Copy Frameworks into .app bundle";
			runOnlyForDeploymentPostprocessing = 0;
		};
/* End PBXCopyFilesBuildPhase section */

/* Begin PBXFileReference section */
		002F39F909D0881F00EBEB88 /* SDL.framework */ = {isa = PBXFileReference; lastKnownFileType = wrapper.framework; name = SDL.framework; path = /Library/Frameworks/SDL.framework; sourceTree = "<absolute>"; };
		002F3A2B09D0888800EBEB88 /* SDLMain.h */ = {isa = PBXFileReference; fileEncoding = 30; lastKnownFileType = sourcecode.c.h; path = SDLMain.h; sourceTree = SOURCE_ROOT; };
		002F3A2C09D0888800EBEB88 /* SDLMain.m */ = {isa = PBXFileReference; fileEncoding = 30; lastKnownFileType = sourcecode.c.objc; path = SDLMain.m; sourceTree = SOURCE_ROOT; };
		002F3A3E09D088BA00EBEB88 /* main.cxx */ = {isa = PBXFileReference; fileEncoding = 30; lastKnownFileType = sourcecode.cpp.cpp; path = main.cxx; sourceTree = "<group>"; };
		002F3C0009D093BD00EBEB88 /* OpenGL.framework */ = {isa = PBXFileReference; lastKnownFileType = wrapper.framework; name = OpenGL.framework; path = /System/Library/Frameworks/OpenGL.framework; sourceTree = "<absolute>"; };
		002F3C6009D0951E00EBEB88 /* GLUT.framework */ = {isa = PBXFileReference; lastKnownFileType = wrapper.framework; name = GLUT.framework; path = ../../../../../../../../../../System/Library/Frameworks/GLUT.framework; sourceTree = SOURCE_ROOT; };
		089C165DFE840E0CC02AAC07 /* English */ = {isa = PBXFileReference; fileEncoding = 10; lastKnownFileType = text.plist.strings; name = English; path = English.lproj/InfoPlist.strings; sourceTree = "<group>"; };
		1058C7A1FEA54F0111CA2CBB /* Cocoa.framework */ = {isa = PBXFileReference; lastKnownFileType = wrapper.framework; name = Cocoa.framework; path = /System/Library/Frameworks/Cocoa.framework; sourceTree = "<absolute>"; };
		29B97324FDCFA39411CA2CEA /* AppKit.framework */ = {isa = PBXFileReference; lastKnownFileType = wrapper.framework; name = AppKit.framework; path = /System/Library/Frameworks/AppKit.framework; sourceTree = "<absolute>"; };
		29B97325FDCFA39411CA2CEA /* Foundation.framework */ = {isa = PBXFileReference; lastKnownFileType = wrapper.framework; name = Foundation.framework; path = /System/Library/Frameworks/Foundation.framework; sourceTree = "<absolute>"; };
		32CA4F630368D1EE00C91783 /* Eagle2_Prefix.pch */ = {isa = PBXFileReference; fileEncoding = 4; lastKnownFileType = sourcecode.c.h; path = Eagle2_Prefix.pch; sourceTree = "<group>"; };
		512363291407381800EBB634 /* Eagle_Constants.h */ = {isa = PBXFileReference; fileEncoding = 4; lastKnownFileType = sourcecode.c.h; path = Eagle_Constants.h; sourceTree = "<group>"; };
		516DA7B113FA166C00EBF86C /* InputManager.h */ = {isa = PBXFileReference; fileEncoding = 4; lastKnownFileType = sourcecode.c.h; path = InputManager.h; sourceTree = "<group>"; };
		516DA7B213FA166C00EBF86C /* InputManager.cpp */ = {isa = PBXFileReference; fileEncoding = 4; lastKnownFileType = sourcecode.cpp.cpp; path = InputManager.cpp; sourceTree = "<group>"; };
		51907E5E13F6127B002E9F01 /* SDL_image.framework */ = {isa = PBXFileReference; lastKnownFileType = wrapper.framework; name = SDL_image.framework; path = Library/Frameworks/SDL_image.framework; sourceTree = SDKROOT; };
		51B4E2CC13F840AA00F15952 /* Actor.h */ = {isa = PBXFileReference; fileEncoding = 4; lastKnownFileType = sourcecode.c.h; path = Actor.h; sourceTree = "<group>"; };
		51B4E2CD13F840AA00F15952 /* Actor.cpp */ = {isa = PBXFileReference; fileEncoding = 4; lastKnownFileType = sourcecode.cpp.cpp; path = Actor.cpp; sourceTree = "<group>"; };
		51B4E2CF13F8416A00F15952 /* Game.h */ = {isa = PBXFileReference; fileEncoding = 4; lastKnownFileType = sourcecode.c.h; path = Game.h; sourceTree = "<group>"; };
		51B4E2D013F8416A00F15952 /* Game.cpp */ = {isa = PBXFileReference; fileEncoding = 4; lastKnownFileType = sourcecode.cpp.cpp; path = Game.cpp; sourceTree = "<group>"; };
		51B4E31713F852E300F15952 /* GraphicsUtility.h */ = {isa = PBXFileReference; fileEncoding = 4; lastKnownFileType = sourcecode.c.h; path = GraphicsUtility.h; sourceTree = "<group>"; };
		51B4E31813F852E300F15952 /* GraphicsUtility.cpp */ = {isa = PBXFileReference; fileEncoding = 4; lastKnownFileType = sourcecode.cpp.cpp; path = GraphicsUtility.cpp; sourceTree = "<group>"; };
		51B4E45B13F8B1A300F15952 /* Eagle.h */ = {isa = PBXFileReference; fileEncoding = 4; lastKnownFileType = sourcecode.c.h; path = Eagle.h; sourceTree = "<group>"; };
		51B4E45C13F8B1A300F15952 /* Eagle.cpp */ = {isa = PBXFileReference; fileEncoding = 4; lastKnownFileType = sourcecode.cpp.cpp; path = Eagle.cpp; sourceTree = "<group>"; };
		51CC536E13F8340700E36BC1 /* Logger.h */ = {isa = PBXFileReference; fileEncoding = 4; lastKnownFileType = sourcecode.c.h; path = Logger.h; sourceTree = "<group>"; };
		51CC536F13F8340700E36BC1 /* Logger.cpp */ = {isa = PBXFileReference; fileEncoding = 4; lastKnownFileType = sourcecode.cpp.cpp; path = Logger.cpp; sourceTree = "<group>"; };
		8D1107310486CEB800E47090 /* Info.plist */ = {isa = PBXFileReference; fileEncoding = 4; lastKnownFileType = text.plist; path = Info.plist; sourceTree = "<group>"; };
		8D1107320486CEB800E47090 /* Eagle2.app */ = {isa = PBXFileReference; explicitFileType = wrapper.application; includeInIndex = 0; path = Eagle2.app; sourceTree = BUILT_PRODUCTS_DIR; };
/* End PBXFileReference section */

/* Begin PBXFrameworksBuildPhase section */
		8D11072E0486CEB800E47090 /* Frameworks */ = {
			isa = PBXFrameworksBuildPhase;
			buildActionMask = 2147483647;
			files = (
				002F39FA09D0881F00EBEB88 /* SDL.framework in Frameworks */,
				002F3C6109D0951E00EBEB88 /* GLUT.framework in Frameworks */,
				8D11072F0486CEB800E47090 /* Cocoa.framework in Frameworks */,
				002F3C0109D093BD00EBEB88 /* OpenGL.framework in Frameworks */,
				51907E5F13F6127B002E9F01 /* SDL_image.framework in Frameworks */,
			);
			runOnlyForDeploymentPostprocessing = 0;
		};
/* End PBXFrameworksBuildPhase section */

/* Begin PBXGroup section */
		080E96DDFE201D6D7F000001 /* Classes */ = {
			isa = PBXGroup;
			children = (
				51CC536E13F8340700E36BC1 /* Logger.h */,
				51CC536F13F8340700E36BC1 /* Logger.cpp */,
				002F3A2B09D0888800EBEB88 /* SDLMain.h */,
				002F3A2C09D0888800EBEB88 /* SDLMain.m */,
				51B4E2CC13F840AA00F15952 /* Actor.h */,
				51B4E2CD13F840AA00F15952 /* Actor.cpp */,
				51B4E2CF13F8416A00F15952 /* Game.h */,
				51B4E2D013F8416A00F15952 /* Game.cpp */,
				51B4E31713F852E300F15952 /* GraphicsUtility.h */,
				51B4E31813F852E300F15952 /* GraphicsUtility.cpp */,
				51B4E45B13F8B1A300F15952 /* Eagle.h */,
				51B4E45C13F8B1A300F15952 /* Eagle.cpp */,
				516DA7B113FA166C00EBF86C /* InputManager.h */,
				516DA7B213FA166C00EBF86C /* InputManager.cpp */,
				512363291407381800EBB634 /* Eagle_Constants.h */,
			);
			name = Classes;
			sourceTree = "<group>";
		};
		1058C7A0FEA54F0111CA2CBB /* Linked Frameworks */ = {
			isa = PBXGroup;
			children = (
				51907E5E13F6127B002E9F01 /* SDL_image.framework */,
				002F39F909D0881F00EBEB88 /* SDL.framework */,
				002F3C6009D0951E00EBEB88 /* GLUT.framework */,
				1058C7A1FEA54F0111CA2CBB /* Cocoa.framework */,
				002F3C0009D093BD00EBEB88 /* OpenGL.framework */,
			);
			name = "Linked Frameworks";
			sourceTree = "<group>";
		};
		1058C7A2FEA54F0111CA2CBB /* Other Frameworks */ = {
			isa = PBXGroup;
			children = (
				29B97324FDCFA39411CA2CEA /* AppKit.framework */,
				29B97325FDCFA39411CA2CEA /* Foundation.framework */,
			);
			name = "Other Frameworks";
			sourceTree = "<group>";
		};
		19C28FACFE9D520D11CA2CBB /* Products */ = {
			isa = PBXGroup;
			children = (
				8D1107320486CEB800E47090 /* Eagle2.app */,
			);
			name = Products;
			sourceTree = "<group>";
		};
		29B97314FDCFA39411CA2CEA /* Eagle2 */ = {
			isa = PBXGroup;
			children = (
				080E96DDFE201D6D7F000001 /* Classes */,
				29B97315FDCFA39411CA2CEA /* Other Sources */,
				29B97317FDCFA39411CA2CEA /* Resources */,
				29B97323FDCFA39411CA2CEA /* Frameworks */,
				19C28FACFE9D520D11CA2CBB /* Products */,
			);
			name = Eagle2;
			sourceTree = "<group>";
		};
		29B97315FDCFA39411CA2CEA /* Other Sources */ = {
			isa = PBXGroup;
			children = (
				32CA4F630368D1EE00C91783 /* Eagle2_Prefix.pch */,
				002F3A3E09D088BA00EBEB88 /* main.cxx */,
			);
			name = "Other Sources";
			sourceTree = "<group>";
		};
		29B97317FDCFA39411CA2CEA /* Resources */ = {
			isa = PBXGroup;
			children = (
				8D1107310486CEB800E47090 /* Info.plist */,
				089C165CFE840E0CC02AAC07 /* InfoPlist.strings */,
			);
			name = Resources;
			sourceTree = "<group>";
		};
		29B97323FDCFA39411CA2CEA /* Frameworks */ = {
			isa = PBXGroup;
			children = (
				1058C7A0FEA54F0111CA2CBB /* Linked Frameworks */,
				1058C7A2FEA54F0111CA2CBB /* Other Frameworks */,
			);
			name = Frameworks;
			sourceTree = "<group>";
		};
/* End PBXGroup section */

/* Begin PBXNativeTarget section */
		8D1107260486CEB800E47090 /* Eagle2 */ = {
			isa = PBXNativeTarget;
			buildConfigurationList = C01FCF4A08A954540054247B /* Build configuration list for PBXNativeTarget "Eagle2" */;
			buildPhases = (
				8D1107290486CEB800E47090 /* Resources */,
				8D11072C0486CEB800E47090 /* Sources */,
				8D11072E0486CEB800E47090 /* Frameworks */,
				002F39FD09D0883400EBEB88 /* Copy Frameworks into .app bundle */,
			);
			buildRules = (
			);
			dependencies = (
			);
			name = Eagle2;
			productInstallPath = "$(HOME)/Applications";
			productName = Eagle2;
			productReference = 8D1107320486CEB800E47090 /* Eagle2.app */;
			productType = "com.apple.product-type.application";
		};
/* End PBXNativeTarget section */

/* Begin PBXProject section */
		29B97313FDCFA39411CA2CEA /* Project object */ = {
			isa = PBXProject;
			buildConfigurationList = C01FCF4E08A954540054247B /* Build configuration list for PBXProject "Eagle2" */;
			compatibilityVersion = "Xcode 3.2";
			developmentRegion = English;
			hasScannedForEncodings = 1;
			knownRegions = (
				English,
				Japanese,
				French,
				German,
			);
			mainGroup = 29B97314FDCFA39411CA2CEA /* Eagle2 */;
			projectDirPath = "";
			projectRoot = "";
			targets = (
				8D1107260486CEB800E47090 /* Eagle2 */,
			);
		};
/* End PBXProject section */

/* Begin PBXResourcesBuildPhase section */
		8D1107290486CEB800E47090 /* Resources */ = {
			isa = PBXResourcesBuildPhase;
			buildActionMask = 2147483647;
			files = (
				8D11072B0486CEB800E47090 /* InfoPlist.strings in Resources */,
			);
			runOnlyForDeploymentPostprocessing = 0;
		};
/* End PBXResourcesBuildPhase section */

/* Begin PBXSourcesBuildPhase section */
		8D11072C0486CEB800E47090 /* Sources */ = {
			isa = PBXSourcesBuildPhase;
			buildActionMask = 2147483647;
			files = (
				002F3A2E09D0888800EBEB88 /* SDLMain.m in Sources */,
				002F3A3F09D088BA00EBEB88 /* main.cxx in Sources */,
				51CC537013F8340700E36BC1 /* Logger.cpp in Sources */,
				51B4E2CE13F840AA00F15952 /* Actor.cpp in Sources */,
				51B4E2D113F8416A00F15952 /* Game.cpp in Sources */,
				51B4E31913F852E300F15952 /* GraphicsUtility.cpp in Sources */,
				51B4E45D13F8B1A300F15952 /* Eagle.cpp in Sources */,
				516DA7B313FA166C00EBF86C /* InputManager.cpp in Sources */,
			);
			runOnlyForDeploymentPostprocessing = 0;
		};
/* End PBXSourcesBuildPhase section */

/* Begin PBXVariantGroup section */
		089C165CFE840E0CC02AAC07 /* InfoPlist.strings */ = {
			isa = PBXVariantGroup;
			children = (
				089C165DFE840E0CC02AAC07 /* English */,
			);
			name = InfoPlist.strings;
			sourceTree = "<group>";
		};
/* End PBXVariantGroup section */

/* Begin XCBuildConfiguration section */
		C01FCF4B08A954540054247B /* Debug */ = {
			isa = XCBuildConfiguration;
			buildSettings = {
				COPY_PHASE_STRIP = NO;
				GCC_DYNAMIC_NO_PIC = NO;
				GCC_ENABLE_FIX_AND_CONTINUE = YES;
				GCC_MODEL_TUNING = G5;
				GCC_OPTIMIZATION_LEVEL = 0;
				GCC_PRECOMPILE_PREFIX_HEADER = YES;
				GCC_PREFIX_HEADER = Eagle2_Prefix.pch;
				INFOPLIST_FILE = Info.plist;
				INSTALL_PATH = "$(HOME)/Applications";
				PRODUCT_NAME = Eagle2;
				WRAPPER_EXTENSION = app;
			};
			name = Debug;
		};
		C01FCF4C08A954540054247B /* Release */ = {
			isa = XCBuildConfiguration;
			buildSettings = {
				ARCHS = (
					ppc,
					i386,
				);
				GCC_GENERATE_DEBUGGING_SYMBOLS = NO;
				GCC_MODEL_TUNING = G5;
				GCC_PRECOMPILE_PREFIX_HEADER = YES;
				GCC_PREFIX_HEADER = Eagle2_Prefix.pch;
				INFOPLIST_FILE = Info.plist;
				INSTALL_PATH = "$(HOME)/Applications";
				PRODUCT_NAME = Eagle2;
				WRAPPER_EXTENSION = app;
			};
			name = Release;
		};
		C01FCF4F08A954540054247B /* Debug */ = {
			isa = XCBuildConfiguration;
			buildSettings = {
				ARCHS = "$(ARCHS_STANDARD_32_64_BIT)";
				FRAMEWORK_SEARCH_PATHS = (
					/Library/Frameworks,
					"$(FRAMEWORK_SEARCH_PATHS)",
				);
				GCC_VERSION = 4.2;
				"GCC_VERSION[sdk=macosx10.6][arch=x86_64]" = 4.2;
				GCC_WARN_ABOUT_RETURN_TYPE = YES;
				GCC_WARN_UNUSED_VARIABLE = YES;
				HEADER_SEARCH_PATHS = (
					/Library/Frameworks/SDL_image.framework/Headers,
					/Library/Frameworks/SDL.framework/Headers,
					"$(HEADER_SEARCH_PATHS)",
				);
				OTHER_LDFLAGS = "";
				PREBINDING = NO;
				SDKROOT = macosx;
				"SDKROOT[arch=i386]" = "$(DEVELOPER_SDK_DIR)/MacOSX10.6.sdk";
			};
			name = Debug;
		};
		C01FCF5008A954540054247B /* Release */ = {
			isa = XCBuildConfiguration;
			buildSettings = {
				ARCHS = "$(ARCHS_STANDARD_32_64_BIT)";
				FRAMEWORK_SEARCH_PATHS = (
					/Library/Frameworks,
					"$(FRAMEWORK_SEARCH_PATHS)",
				);
				GCC_VERSION = 4.2;
				"GCC_VERSION[sdk=macosx10.6][arch=x86_64]" = 4.2;
				GCC_WARN_ABOUT_RETURN_TYPE = YES;
				GCC_WARN_UNUSED_VARIABLE = YES;
				HEADER_SEARCH_PATHS = (
					/Library/Frameworks/SDL_image.framework/Headers,
					/Library/Frameworks/SDL.framework/Headers,
					"$(HEADER_SEARCH_PATHS)",
				);
				OTHER_LDFLAGS = "";
				PREBINDING = NO;
				SDKROOT = macosx;
				"SDKROOT[arch=i386]" = "$(DEVELOPER_SDK_DIR)/MacOSX10.6.sdk";
			};
			name = Release;
		};
/* End XCBuildConfiguration section */

/* Begin XCConfigurationList section */
		C01FCF4A08A954540054247B /* Build configuration list for PBXNativeTarget "Eagle2" */ = {
			isa = XCConfigurationList;
			buildConfigurations = (
				C01FCF4B08A954540054247B /* Debug */,
				C01FCF4C08A954540054247B /* Release */,
			);
			defaultConfigurationIsVisible = 0;
			defaultConfigurationName = Release;
		};
		C01FCF4E08A954540054247B /* Build configuration list for PBXProject "Eagle2" */ = {
			isa = XCConfigurationList;
			buildConfigurations = (
				C01FCF4F08A954540054247B /* Debug */,
				C01FCF5008A954540054247B /* Release */,
			);
			defaultConfigurationIsVisible = 0;
			defaultConfigurationName = Release;
		};
/* End XCConfigurationList section */
	};
	rootObject = 29B97313FDCFA39411CA2CEA /* Project object */;
}
